
Microsoft Visual Studio Solution File, Format Version 12.00
# Visual Studio Version 17
VisualStudioVersion = 17.5.33424.131
MinimumVisualStudioVersion = 10.0.40219.1
Project("{FAE04EC0-301F-11D3-BF4B-00C04F79EFBC}") = "StudentManagement", "StudentManagement\StudentManagement.csproj", "{5092AE99-E59F-4ABE-A907-AFE734EC3358}"
EndProject
Global
	GlobalSection(SolutionConfigurationPlatforms) = preSolution
		Debug|Any CPU = Debug|Any CPU
		Release|Any CPU = Release|Any CPU
	EndGlobalSection
	GlobalSection(ProjectConfigurationPlatforms) = postSolution
		{5092AE99-E59F-4ABE-A907-AFE734EC3358}.Debug|Any CPU.ActiveCfg = Debug|Any CPU
		{5092AE99-E59F-4ABE-A907-AFE734EC3358}.Debug|Any CPU.Build.0 = Debug|Any CPU
		{5092AE99-E59F-4ABE-A907-AFE734EC3358}.Release|Any CPU.ActiveCfg = Release|Any CPU
		{5092AE99-E59F-4ABE-A907-AFE734EC3358}.Release|Any CPU.Build.0 = Release|Any CPU
	EndGlobalSection
	GlobalSection(SolutionProperties) = preSolution
		HideSolutionNode = FALSE
	EndGlobalSection
	GlobalSection(ExtensibilityGlobals) = postSolution
		SolutionGuid = {BA127F16-FDB6-4D72-816A-01E8BBFC05C4}
	EndGlobalSection
EndGlobal
